// !$*UTF8*$!
{
	archiveVersion = 1;
	classes = {
	};
	objectVersion = 46;
	objects = {

/* Begin PBXBuildFile section */
		9FA7ED781F2D6311008F8BDE /* PlaySoundViewController.swift in Sources */ = {isa = PBXBuildFile; fileRef = 9FA7ED771F2D6311008F8BDE /* PlaySoundViewController.swift */; };
		9FA7ED7A1F2E5573008F8BDE /* PlaySoundsViewController+Audio.swift in Sources */ = {isa = PBXBuildFile; fileRef = 9FA7ED791F2E5573008F8BDE /* PlaySoundsViewController+Audio.swift */; };
		9FE6C42A1F2AD423003274BB /* AppDelegate.swift in Sources */ = {isa = PBXBuildFile; fileRef = 9FE6C4291F2AD423003274BB /* AppDelegate.swift */; };
		9FE6C42C1F2AD423003274BB /* RecordSoundController.swift in Sources */ = {isa = PBXBuildFile; fileRef = 9FE6C42B1F2AD423003274BB /* RecordSoundController.swift */; };
		9FE6C42F1F2AD424003274BB /* Main.storyboard in Resources */ = {isa = PBXBuildFile; fileRef = 9FE6C42D1F2AD424003274BB /* Main.storyboard */; };
		9FE6C4311F2AD424003274BB /* Assets.xcassets in Resources */ = {isa = PBXBuildFile; fileRef = 9FE6C4301F2AD424003274BB /* Assets.xcassets */; };
		9FE6C4341F2AD424003274BB /* LaunchScreen.storyboard in Resources */ = {isa = PBXBuildFile; fileRef = 9FE6C4321F2AD424003274BB /* LaunchScreen.storyboard */; };
/* End PBXBuildFile section */

/* Begin PBXFileReference section */
		9FA7ED771F2D6311008F8BDE /* PlaySoundViewController.swift */ = {isa = PBXFileReference; fileEncoding = 4; lastKnownFileType = sourcecode.swift; path = PlaySoundViewController.swift; sourceTree = "<group>"; };
		9FA7ED791F2E5573008F8BDE /* PlaySoundsViewController+Audio.swift */ = {isa = PBXFileReference; fileEncoding = 4; lastKnownFileType = sourcecode.swift; path = "PlaySoundsViewController+Audio.swift"; sourceTree = "<group>"; };
		9FE6C4261F2AD423003274BB /* PitchPerfect.app */ = {isa = PBXFileReference; explicitFileType = wrapper.application; includeInIndex = 0; path = PitchPerfect.app; sourceTree = BUILT_PRODUCTS_DIR; };
		9FE6C4291F2AD423003274BB /* AppDelegate.swift */ = {isa = PBXFileReference; lastKnownFileType = sourcecode.swift; path = AppDelegate.swift; sourceTree = "<group>"; };
		9FE6C42B1F2AD423003274BB /* RecordSoundController.swift */ = {isa = PBXFileReference; lastKnownFileType = sourcecode.swift; path = RecordSoundController.swift; sourceTree = "<group>"; };
		9FE6C42E1F2AD424003274BB /* Base */ = {isa = PBXFileReference; lastKnownFileType = file.storyboard; name = Base; path = Base.lproj/Main.storyboard; sourceTree = "<group>"; };
		9FE6C4301F2AD424003274BB /* Assets.xcassets */ = {isa = PBXFileReference; lastKnownFileType = folder.assetcatalog; path = Assets.xcassets; sourceTree = "<group>"; };
		9FE6C4331F2AD424003274BB /* Base */ = {isa = PBXFileReference; lastKnownFileType = file.storyboard; name = Base; path = Base.lproj/LaunchScreen.storyboard; sourceTree = "<group>"; };
		9FE6C4351F2AD424003274BB /* Info.plist */ = {isa = PBXFileReference; lastKnownFileType = text.plist.xml; path = Info.plist; sourceTree = "<group>"; };
/* End PBXFileReference section */

/* Begin PBXFrameworksBuildPhase section */
		9FE6C4231F2AD423003274BB /* Frameworks */ = {
			isa = PBXFrameworksBuildPhase;
			buildActionMask = 2147483647;
			files = (
			);
			runOnlyForDeploymentPostprocessing = 0;
		};
/* End PBXFrameworksBuildPhase section */

/* Begin PBXGroup section */
		9FE6C41D1F2AD422003274BB = {
			isa = PBXGroup;
			children = (
				9FE6C4281F2AD423003274BB /* PitchPerfect */,
				9FE6C4271F2AD423003274BB /* Products */,
			);
			sourceTree = "<group>";
		};
		9FE6C4271F2AD423003274BB /* Products */ = {
			isa = PBXGroup;
			children = (
				9FE6C4261F2AD423003274BB /* PitchPerfect.app */,
			);
			name = Products;
			sourceTree = "<group>";
		};
		9FE6C4281F2AD423003274BB /* PitchPerfect */ = {
			isa = PBXGroup;
			children = (
				9FE6C4291F2AD423003274BB /* AppDelegate.swift */,
				9FE6C42B1F2AD423003274BB /* RecordSoundController.swift */,
				9FE6C42D1F2AD424003274BB /* Main.storyboard */,
				9FE6C4301F2AD424003274BB /* Assets.xcassets */,
				9FE6C4321F2AD424003274BB /* LaunchScreen.storyboard */,
				9FE6C4351F2AD424003274BB /* Info.plist */,
				9FA7ED771F2D6311008F8BDE /* PlaySoundViewController.swift */,
				9FA7ED791F2E5573008F8BDE /* PlaySoundsViewController+Audio.swift */,
			);
			path = PitchPerfect;
			sourceTree = "<group>";
		};
/* End PBXGroup section */

/* Begin PBXNativeTarget section */
		9FE6C4251F2AD423003274BB /* PitchPerfect */ = {
			isa = PBXNativeTarget;
			buildConfigurationList = 9FE6C4381F2AD424003274BB /* Build configuration list for PBXNativeTarget "PitchPerfect" */;
			buildPhases = (
				9FE6C4221F2AD423003274BB /* Sources */,
				9FE6C4231F2AD423003274BB /* Frameworks */,
				9FE6C4241F2AD423003274BB /* Resources */,
			);
			buildRules = (
			);
			dependencies = (
			);
			name = PitchPerfect;
			productName = PitchPerfect;
			productReference = 9FE6C4261F2AD423003274BB /* PitchPerfect.app */;
			productType = "com.apple.product-type.application";
		};
/* End PBXNativeTarget section */

/* Begin PBXProject section */
		9FE6C41E1F2AD422003274BB /* Project object */ = {
			isa = PBXProject;
			attributes = {
				LastSwiftUpdateCheck = 0830;
				LastUpgradeCheck = 0830;
				ORGANIZATIONNAME = "Carlos Lozano";
				TargetAttributes = {
					9FE6C4251F2AD423003274BB = {
						CreatedOnToolsVersion = 8.3.3;
						DevelopmentTeam = NY975BLVV2;
						ProvisioningStyle = Automatic;
					};
				};
			};
			buildConfigurationList = 9FE6C4211F2AD422003274BB /* Build configuration list for PBXProject "PitchPerfect" */;
			compatibilityVersion = "Xcode 3.2";
			developmentRegion = English;
			hasScannedForEncodings = 0;
			knownRegions = (
				en,
				Base,
			);
			mainGroup = 9FE6C41D1F2AD422003274BB;
			productRefGroup = 9FE6C4271F2AD423003274BB /* Products */;
			projectDirPath = "";
			projectRoot = "";
			targets = (
				9FE6C4251F2AD423003274BB /* PitchPerfect */,
			);
		};
/* End PBXProject section */

/* Begin PBXResourcesBuildPhase section */
		9FE6C4241F2AD423003274BB /* Resources */ = {
			isa = PBXResourcesBuildPhase;
			buildActionMask = 2147483647;
			files = (
				9FE6C4341F2AD424003274BB /* LaunchScreen.storyboard in Resources */,
				9FE6C4311F2AD424003274BB /* Assets.xcassets in Resources */,
				9FE6C42F1F2AD424003274BB /* Main.storyboard in Resources */,
			);
			runOnlyForDeploymentPostprocessing = 0;
		};
/* End PBXResourcesBuildPhase section */

/* Begin PBXSourcesBuildPhase section */
		9FE6C4221F2AD423003274BB /* Sources */ = {
			isa = PBXSourcesBuildPhase;
			buildActionMask = 2147483647;
			files = (
				9FE6C42C1F2AD423003274BB /* RecordSoundController.swift in Sources */,
				9FA7ED7A1F2E5573008F8BDE /* PlaySoundsViewController+Audio.swift in Sources */,
				9FE6C42A1F2AD423003274BB /* AppDelegate.swift in Sources */,
				9FA7ED781F2D6311008F8BDE /* PlaySoundViewController.swift in Sources */,
			);
			runOnlyForDeploymentPostprocessing = 0;
		};
/* End PBXSourcesBuildPhase section */

/* Begin PBXVariantGroup section */
		9FE6C42D1F2AD424003274BB /* Main.storyboard */ = {
			isa = PBXVariantGroup;
			children = (
				9FE6C42E1F2AD424003274BB /* Base */,
			);
			name = Main.storyboard;
			sourceTree = "<group>";
		};
		9FE6C4321F2AD424003274BB /* LaunchScreen.storyboard */ = {
			isa = PBXVariantGroup;
			children = (
				9FE6C4331F2AD424003274BB /* Base */,
			);
			name = LaunchScreen.storyboard;
			sourceTree = "<group>";
		};
/* End PBXVariantGroup section */

/* Begin XCBuildConfiguration section */
		9FE6C4361F2AD424003274BB /* Debug */ = {
			isa = XCBuildConfiguration;
			buildSettings = {
				ALWAYS_SEARCH_USER_PATHS = NO;
				CLANG_ANALYZER_NONNULL = YES;
				CLANG_ANALYZER_NUMBER_OBJECT_CONVERSION = YES_AGGRESSIVE;
				CLANG_CXX_LANGUAGE_STANDARD = "gnu++0x";
				CLANG_CXX_LIBRARY = "libc++";
				CLANG_ENABLE_MODULES = YES;
				CLANG_ENABLE_OBJC_ARC = YES;
				CLANG_WARN_BOOL_CONVERSION = YES;
				CLANG_WARN_CONSTANT_CONVERSION = YES;
				CLANG_WARN_DIRECT_OBJC_ISA_USAGE = YES_ERROR;
				CLANG_WARN_DOCUMENTATION_COMMENTS = YES;
				CLANG_WARN_EMPTY_BODY = YES;
				CLANG_WARN_ENUM_CONVERSION = YES;
				CLANG_WARN_INFINITE_RECURSION = YES;
				CLANG_WARN_INT_CONVERSION = YES;
				CLANG_WARN_OBJC_ROOT_CLASS = YES_ERROR;
				CLANG_WARN_SUSPICIOUS_MOVE = YES;
				CLANG_WARN_UNREACHABLE_CODE = YES;
				CLANG_WARN__DUPLICATE_METHOD_MATCH = YES;
				"CODE_SIGN_IDENTITY[sdk=iphoneos*]" = "iPhone Developer";
				COPY_PHASE_STRIP = NO;
				DEBUG_INFORMATION_FORMAT = dwarf;
				ENABLE_STRICT_OBJC_MSGSEND = YES;
				ENABLE_TESTABILITY = YES;
				GCC_C_LANGUAGE_STANDARD = gnu99;
				GCC_DYNAMIC_NO_PIC = NO;
				GCC_NO_COMMON_BLOCKS = YES;
				GCC_OPTIMIZATION_LEVEL = 0;
				GCC_PREPROCESSOR_DEFINITIONS = (
					"DEBUG=1",
					"$(inherited)",
				);
				GCC_WARN_64_TO_32_BIT_CONVERSION = YES;
				GCC_WARN_ABOUT_RETURN_TYPE = YES_ERROR;
				GCC_WARN_UNDECLARED_SELECTOR = YES;
				GCC_WARN_UNINITIALIZED_AUTOS = YES_AGGRESSIVE;
				GCC_WARN_UNUSED_FUNCTION = YES;
				GCC_WARN_UNUSED_VARIABLE = YES;
				IPHONEOS_DEPLOYMENT_TARGET = 10.3;
				MTL_ENABLE_DEBUG_INFO = YES;
				ONLY_ACTIVE_ARCH = YES;
				SDKROOT = iphoneos;
				SWIFT_ACTIVE_COMPILATION_CONDITIONS = DEBUG;
				SWIFT_OPTIMIZATION_LEVEL = "-Onone";
			};
			name = Debug;
		};
		9FE6C4371F2AD424003274BB /* Release */ = {
			isa = XCBuildConfiguration;
			buildSettings = {
				ALWAYS_SEARCH_USER_PATHS = NO;
				CLANG_ANALYZER_NONNULL = YES;
				CLANG_ANALYZER_NUMBER_OBJECT_CONVERSION = YES_AGGRESSIVE;
				CLANG_CXX_LANGUAGE_STANDARD = "gnu++0x";
				CLANG_CXX_LIBRARY = "libc++";
				CLANG_ENABLE_MODULES = YES;
				CLANG_ENABLE_OBJC_ARC = YES;
				CLANG_WARN_BOOL_CONVERSION = YES;
				CLANG_WARN_CONSTANT_CONVERSION = YES;
				CLANG_WARN_DIRECT_OBJC_ISA_USAGE = YES_ERROR;
				CLANG_WARN_DOCUMENTATION_COMMENTS = YES;
				CLANG_WARN_EMPTY_BODY = YES;
				CLANG_WARN_ENUM_CONVERSION = YES;
				CLANG_WARN_INFINITE_RECURSION = YES;
				CLANG_WARN_INT_CONVERSION = YES;
				CLANG_WARN_OBJC_ROOT_CLASS = YES_ERROR;
				CLANG_WARN_SUSPICIOUS_MOVE = YES;
				CLANG_WARN_UNREACHABLE_CODE = YES;
				CLANG_WARN__DUPLICATE_METHOD_MATCH = YES;
				"CODE_SIGN_IDENTITY[sdk=iphoneos*]" = "iPhone Developer";
				COPY_PHASE_STRIP = NO;
				DEBUG_INFORMATION_FORMAT = "dwarf-with-dsym";
				ENABLE_NS_ASSERTIONS = NO;
				ENABLE_STRICT_OBJC_MSGSEND = YES;
				GCC_C_LANGUAGE_STANDARD = gnu99;
				GCC_NO_COMMON_BLOCKS = YES;
				GCC_WARN_64_TO_32_BIT_CONVERSION = YES;
				GCC_WARN_ABOUT_RETURN_TYPE = YES_ERROR;
				GCC_WARN_UNDECLARED_SELECTOR = YES;
				GCC_WARN_UNINITIALIZED_AUTOS = YES_AGGRESSIVE;
				GCC_WARN_UNUSED_FUNCTION = YES;
				GCC_WARN_UNUSED_VARIABLE = YES;
				IPHONEOS_DEPLOYMENT_TARGET = 10.3;
				MTL_ENABLE_DEBUG_INFO = NO;
				SDKROOT = iphoneos;
				SWIFT_OPTIMIZATION_LEVEL = "-Owholemodule";
				VALIDATE_PRODUCT = YES;
			};
			name = Release;
		};
		9FE6C4391F2AD424003274BB /* Debug */ = {
			isa = XCBuildConfiguration;
			buildSettings = {
				ASSETCATALOG_COMPILER_APPICON_NAME = AppIcon;
				DEVELOPMENT_TEAM = NY975BLVV2;
				INFOPLIST_FILE = PitchPerfect/Info.plist;
				LD_RUNPATH_SEARCH_PATHS = "$(inherited) @executable_path/Frameworks";
				PRODUCT_BUNDLE_IDENTIFIER = com.anibal.PitchPerfect;
				PRODUCT_NAME = "$(TARGET_NAME)";
				SWIFT_VERSION = 3.0;
			};
			name = Debug;
		};
		9FE6C43A1F2AD424003274BB /* Release */ = {
			isa = XCBuildConfiguration;
			buildSettings = {
				ASSETCATALOG_COMPILER_APPICON_NAME = AppIcon;
				DEVELOPMENT_TEAM = NY975BLVV2;
				INFOPLIST_FILE = PitchPerfect/Info.plist;
				LD_RUNPATH_SEARCH_PATHS = "$(inherited) @executable_path/Frameworks";
				PRODUCT_BUNDLE_IDENTIFIER = com.anibal.PitchPerfect;
				PRODUCT_NAME = "$(TARGET_NAME)";
				SWIFT_VERSION = 3.0;
			};
			name = Release;
		};
/* End XCBuildConfiguration section */

/* Begin XCConfigurationList section */
		9FE6C4211F2AD422003274BB /* Build configuration list for PBXProject "PitchPerfect" */ = {
			isa = XCConfigurationList;
			buildConfigurations = (
				9FE6C4361F2AD424003274BB /* Debug */,
				9FE6C4371F2AD424003274BB /* Release */,
			);
			defaultConfigurationIsVisible = 0;
			defaultConfigurationName = Release;
		};
		9FE6C4381F2AD424003274BB /* Build configuration list for PBXNativeTarget "PitchPerfect" */ = {
			isa = XCConfigurationList;
			buildConfigurations = (
				9FE6C4391F2AD424003274BB /* Debug */,
				9FE6C43A1F2AD424003274BB /* Release */,
			);
			defaultConfigurationIsVisible = 0;
			defaultConfigurationName = Release;
		};
/* End XCConfigurationList section */
	};
	rootObject = 9FE6C41E1F2AD422003274BB /* Project object */;
}
